
Microsoft Visual Studio Solution File, Format Version 12.00
# Visual Studio Version 17
VisualStudioVersion = 17.10.35027.167
MinimumVisualStudioVersion = 10.0.40219.1
Project("{FAE04EC0-301F-11D3-BF4B-00C04F79EFBC}") = "PowerPointFileEditorAddin", "PowerPointFileEditorAddin\PowerPointFileEditorAddin.csproj", "{98346794-1305-4618-B5C0-81D3A18E5793}"
EndProject
Project("{FAE04EC0-301F-11D3-BF4B-00C04F79EFBC}") = "PowerPointFolderViewerMVVM", "PowerPointFolderViewerMVVM\PowerPointFolderViewerMVVM.csproj", "{F73376BF-4964-44B0-BDB4-0DD9A152C64E}"
EndProject
Global
	GlobalSection(SolutionConfigurationPlatforms) = preSolution
		Debug|Any CPU = Debug|Any CPU
		Release|Any CPU = Release|Any CPU
	EndGlobalSection
	GlobalSection(ProjectConfigurationPlatforms) = postSolution
		{98346794-1305-4618-B5C0-81D3A18E5793}.Debug|Any CPU.ActiveCfg = Debug|Any CPU
		{98346794-1305-4618-B5C0-81D3A18E5793}.Debug|Any CPU.Build.0 = Debug|Any CPU
		{98346794-1305-4618-B5C0-81D3A18E5793}.Release|Any CPU.ActiveCfg = Release|Any CPU
		{98346794-1305-4618-B5C0-81D3A18E5793}.Release|Any CPU.Build.0 = Release|Any CPU
		{F73376BF-4964-44B0-BDB4-0DD9A152C64E}.Debug|Any CPU.ActiveCfg = Debug|Any CPU
		{F73376BF-4964-44B0-BDB4-0DD9A152C64E}.Debug|Any CPU.Build.0 = Debug|Any CPU
		{F73376BF-4964-44B0-BDB4-0DD9A152C64E}.Release|Any CPU.ActiveCfg = Release|Any CPU
		{F73376BF-4964-44B0-BDB4-0DD9A152C64E}.Release|Any CPU.Build.0 = Release|Any CPU
	EndGlobalSection
	GlobalSection(SolutionProperties) = preSolution
		HideSolutionNode = FALSE
	EndGlobalSection
	GlobalSection(ExtensibilityGlobals) = postSolution
		SolutionGuid = {2E124FA1-6E7B-40FD-9FBE-3B9EAD00FBBC}
	EndGlobalSection
EndGlobal
